// !$*UTF8*$!
{
	archiveVersion = 1;
	classes = {
	};
	objectVersion = 50;
	objects = {

/* Begin PBXBuildFile section */
		1939AE5020F39ABC00A71D11 /* AppDelegate.swift in Sources */ = {isa = PBXBuildFile; fileRef = 1939AE4F20F39ABC00A71D11 /* AppDelegate.swift */; };
		1939AE5520F39ABC00A71D11 /* Main.storyboard in Resources */ = {isa = PBXBuildFile; fileRef = 1939AE5320F39ABC00A71D11 /* Main.storyboard */; };
		1939AE5720F39ABC00A71D11 /* Assets.xcassets in Resources */ = {isa = PBXBuildFile; fileRef = 1939AE5620F39ABC00A71D11 /* Assets.xcassets */; };
		1939AE5A20F39ABC00A71D11 /* LaunchScreen.storyboard in Resources */ = {isa = PBXBuildFile; fileRef = 1939AE5820F39ABC00A71D11 /* LaunchScreen.storyboard */; };
/* End PBXBuildFile section */

/* Begin PBXFileReference section */
		1939AE4C20F39ABC00A71D11 /* QDZX.app */ = {isa = PBXFileReference; explicitFileType = wrapper.application; includeInIndex = 0; path = QDZX.app; sourceTree = BUILT_PRODUCTS_DIR; };
		1939AE4F20F39ABC00A71D11 /* AppDelegate.swift */ = {isa = PBXFileReference; lastKnownFileType = sourcecode.swift; path = AppDelegate.swift; sourceTree = "<group>"; };
		1939AE5420F39ABC00A71D11 /* Base */ = {isa = PBXFileReference; lastKnownFileType = file.storyboard; name = Base; path = Base.lproj/Main.storyboard; sourceTree = "<group>"; };
		1939AE5620F39ABC00A71D11 /* Assets.xcassets */ = {isa = PBXFileReference; lastKnownFileType = folder.assetcatalog; path = Assets.xcassets; sourceTree = "<group>"; };
		1939AE5920F39ABC00A71D11 /* Base */ = {isa = PBXFileReference; lastKnownFileType = file.storyboard; name = Base; path = Base.lproj/LaunchScreen.storyboard; sourceTree = "<group>"; };
		1939AE5B20F39ABC00A71D11 /* Info.plist */ = {isa = PBXFileReference; lastKnownFileType = text.plist.xml; path = Info.plist; sourceTree = "<group>"; };
/* End PBXFileReference section */

/* Begin PBXFrameworksBuildPhase section */
		1939AE4920F39ABC00A71D11 /* Frameworks */ = {
			isa = PBXFrameworksBuildPhase;
			buildActionMask = 2147483647;
			files = (
			);
			runOnlyForDeploymentPostprocessing = 0;
		};
/* End PBXFrameworksBuildPhase section */

/* Begin PBXGroup section */
		1939AE4320F39ABC00A71D11 = {
			isa = PBXGroup;
			children = (
				1939AE4E20F39ABC00A71D11 /* QDZX */,
				1939AE4D20F39ABC00A71D11 /* Products */,
			);
			sourceTree = "<group>";
		};
		1939AE4D20F39ABC00A71D11 /* Products */ = {
			isa = PBXGroup;
			children = (
				1939AE4C20F39ABC00A71D11 /* QDZX.app */,
			);
			name = Products;
			sourceTree = "<group>";
		};
		1939AE4E20F39ABC00A71D11 /* QDZX */ = {
			isa = PBXGroup;
			children = (
				1939AE6520F3A36D00A71D11 /* Classes */,
				1939AE4F20F39ABC00A71D11 /* AppDelegate.swift */,
				1939AE5320F39ABC00A71D11 /* Main.storyboard */,
				1939AE5620F39ABC00A71D11 /* Assets.xcassets */,
				1939AE5820F39ABC00A71D11 /* LaunchScreen.storyboard */,
				1939AE5B20F39ABC00A71D11 /* Info.plist */,
			);
			path = QDZX;
			sourceTree = "<group>";
		};
		1939AE6520F3A36D00A71D11 /* Classes */ = {
			isa = PBXGroup;
			children = (
				1939AE6920F3A36D00A71D11 /* Main */,
				1939AE6720F3A36D00A71D11 /* Home */,
				1939AE6820F3A36D00A71D11 /* Live */,
				1939AE6620F3A36D00A71D11 /* Follow */,
				1939AE6A20F3A36D00A71D11 /* Profile */,
				1939AE6B20F3A36D00A71D11 /* Tools */,
			);
			path = Classes;
			sourceTree = "<group>";
		};
		1939AE6620F3A36D00A71D11 /* Follow */ = {
			isa = PBXGroup;
			children = (
			);
			path = Follow;
			sourceTree = "<group>";
		};
		1939AE6720F3A36D00A71D11 /* Home */ = {
			isa = PBXGroup;
			children = (
			);
			path = Home;
			sourceTree = "<group>";
		};
		1939AE6820F3A36D00A71D11 /* Live */ = {
			isa = PBXGroup;
			children = (
			);
			path = Live;
			sourceTree = "<group>";
		};
		1939AE6920F3A36D00A71D11 /* Main */ = {
			isa = PBXGroup;
			children = (
			);
			path = Main;
			sourceTree = "<group>";
		};
		1939AE6A20F3A36D00A71D11 /* Profile */ = {
			isa = PBXGroup;
			children = (
			);
			path = Profile;
			sourceTree = "<group>";
		};
		1939AE6B20F3A36D00A71D11 /* Tools */ = {
			isa = PBXGroup;
			children = (
			);
			path = Tools;
			sourceTree = "<group>";
		};
/* End PBXGroup section */

/* Begin PBXNativeTarget section */
		1939AE4B20F39ABC00A71D11 /* QDZX */ = {
			isa = PBXNativeTarget;
			buildConfigurationList = 1939AE5E20F39ABC00A71D11 /* Build configuration list for PBXNativeTarget "QDZX" */;
			buildPhases = (
				1939AE4820F39ABC00A71D11 /* Sources */,
				1939AE4920F39ABC00A71D11 /* Frameworks */,
				1939AE4A20F39ABC00A71D11 /* Resources */,
			);
			buildRules = (
			);
			dependencies = (
			);
			name = QDZX;
			productName = QDZX;
			productReference = 1939AE4C20F39ABC00A71D11 /* QDZX.app */;
			productType = "com.apple.product-type.application";
		};
/* End PBXNativeTarget section */

/* Begin PBXProject section */
		1939AE4420F39ABC00A71D11 /* Project object */ = {
			isa = PBXProject;
			attributes = {
				LastSwiftUpdateCheck = 0940;
				LastUpgradeCheck = 0940;
				ORGANIZATIONNAME = Tusstar;
				TargetAttributes = {
					1939AE4B20F39ABC00A71D11 = {
						CreatedOnToolsVersion = 9.4;
					};
				};
			};
			buildConfigurationList = 1939AE4720F39ABC00A71D11 /* Build configuration list for PBXProject "QDZX" */;
			compatibilityVersion = "Xcode 9.3";
			developmentRegion = en;
			hasScannedForEncodings = 0;
			knownRegions = (
				en,
				Base,
			);
			mainGroup = 1939AE4320F39ABC00A71D11;
			productRefGroup = 1939AE4D20F39ABC00A71D11 /* Products */;
			projectDirPath = "";
			projectRoot = "";
			targets = (
				1939AE4B20F39ABC00A71D11 /* QDZX */,
			);
		};
/* End PBXProject section */

/* Begin PBXResourcesBuildPhase section */
		1939AE4A20F39ABC00A71D11 /* Resources */ = {
			isa = PBXResourcesBuildPhase;
			buildActionMask = 2147483647;
			files = (
				1939AE5A20F39ABC00A71D11 /* LaunchScreen.storyboard in Resources */,
				1939AE5720F39ABC00A71D11 /* Assets.xcassets in Resources */,
				1939AE5520F39ABC00A71D11 /* Main.storyboard in Resources */,
			);
			runOnlyForDeploymentPostprocessing = 0;
		};
/* End PBXResourcesBuildPhase section */

/* Begin PBXSourcesBuildPhase section */
		1939AE4820F39ABC00A71D11 /* Sources */ = {
			isa = PBXSourcesBuildPhase;
			buildActionMask = 2147483647;
			files = (
				1939AE5020F39ABC00A71D11 /* AppDelegate.swift in Sources */,
			);
			runOnlyForDeploymentPostprocessing = 0;
		};
/* End PBXSourcesBuildPhase section */

/* Begin PBXVariantGroup section */
		1939AE5320F39ABC00A71D11 /* Main.storyboard */ = {
			isa = PBXVariantGroup;
			children = (
				1939AE5420F39ABC00A71D11 /* Base */,
			);
			name = Main.storyboard;
			sourceTree = "<group>";
		};
		1939AE5820F39ABC00A71D11 /* LaunchScreen.storyboard */ = {
			isa = PBXVariantGroup;
			children = (
				1939AE5920F39ABC00A71D11 /* Base */,
			);
			name = LaunchScreen.storyboard;
			sourceTree = "<group>";
		};
/* End PBXVariantGroup section */

/* Begin XCBuildConfiguration section */
		1939AE5C20F39ABC00A71D11 /* Debug */ = {
			isa = XCBuildConfiguration;
			buildSettings = {
				ALWAYS_SEARCH_USER_PATHS = NO;
				CLANG_ANALYZER_NONNULL = YES;
				CLANG_ANALYZER_NUMBER_OBJECT_CONVERSION = YES_AGGRESSIVE;
				CLANG_CXX_LANGUAGE_STANDARD = "gnu++14";
				CLANG_CXX_LIBRARY = "libc++";
				CLANG_ENABLE_MODULES = YES;
				CLANG_ENABLE_OBJC_ARC = YES;
				CLANG_ENABLE_OBJC_WEAK = YES;
				CLANG_WARN_BLOCK_CAPTURE_AUTORELEASING = YES;
				CLANG_WARN_BOOL_CONVERSION = YES;
				CLANG_WARN_COMMA = YES;
				CLANG_WARN_CONSTANT_CONVERSION = YES;
				CLANG_WARN_DEPRECATED_OBJC_IMPLEMENTATIONS = YES;
				CLANG_WARN_DIRECT_OBJC_ISA_USAGE = YES_ERROR;
				CLANG_WARN_DOCUMENTATION_COMMENTS = YES;
				CLANG_WARN_EMPTY_BODY = YES;
				CLANG_WARN_ENUM_CONVERSION = YES;
				CLANG_WARN_INFINITE_RECURSION = YES;
				CLANG_WARN_INT_CONVERSION = YES;
				CLANG_WARN_NON_LITERAL_NULL_CONVERSION = YES;
				CLANG_WARN_OBJC_IMPLICIT_RETAIN_SELF = YES;
				CLANG_WARN_OBJC_LITERAL_CONVERSION = YES;
				CLANG_WARN_OBJC_ROOT_CLASS = YES_ERROR;
				CLANG_WARN_RANGE_LOOP_ANALYSIS = YES;
				CLANG_WARN_STRICT_PROTOTYPES = YES;
				CLANG_WARN_SUSPICIOUS_MOVE = YES;
				CLANG_WARN_UNGUARDED_AVAILABILITY = YES_AGGRESSIVE;
				CLANG_WARN_UNREACHABLE_CODE = YES;
				CLANG_WARN__DUPLICATE_METHOD_MATCH = YES;
				CODE_SIGN_IDENTITY = "iPhone Developer";
				COPY_PHASE_STRIP = NO;
				DEBUG_INFORMATION_FORMAT = dwarf;
				ENABLE_STRICT_OBJC_MSGSEND = YES;
				ENABLE_TESTABILITY = YES;
				GCC_C_LANGUAGE_STANDARD = gnu11;
				GCC_DYNAMIC_NO_PIC = NO;
				GCC_NO_COMMON_BLOCKS = YES;
				GCC_OPTIMIZATION_LEVEL = 0;
				GCC_PREPROCESSOR_DEFINITIONS = (
					"DEBUG=1",
					"$(inherited)",
				);
				GCC_WARN_64_TO_32_BIT_CONVERSION = YES;
				GCC_WARN_ABOUT_RETURN_TYPE = YES_ERROR;
				GCC_WARN_UNDECLARED_SELECTOR = YES;
				GCC_WARN_UNINITIALIZED_AUTOS = YES_AGGRESSIVE;
				GCC_WARN_UNUSED_FUNCTION = YES;
				GCC_WARN_UNUSED_VARIABLE = YES;
				IPHONEOS_DEPLOYMENT_TARGET = 11.4;
				MTL_ENABLE_DEBUG_INFO = YES;
				ONLY_ACTIVE_ARCH = YES;
				SDKROOT = iphoneos;
				SWIFT_ACTIVE_COMPILATION_CONDITIONS = DEBUG;
				SWIFT_OPTIMIZATION_LEVEL = "-Onone";
			};
			name = Debug;
		};
		1939AE5D20F39ABC00A71D11 /* Release */ = {
			isa = XCBuildConfiguration;
			buildSettings = {
				ALWAYS_SEARCH_USER_PATHS = NO;
				CLANG_ANALYZER_NONNULL = YES;
				CLANG_ANALYZER_NUMBER_OBJECT_CONVERSION = YES_AGGRESSIVE;
				CLANG_CXX_LANGUAGE_STANDARD = "gnu++14";
				CLANG_CXX_LIBRARY = "libc++";
				CLANG_ENABLE_MODULES = YES;
				CLANG_ENABLE_OBJC_ARC = YES;
				CLANG_ENABLE_OBJC_WEAK = YES;
				CLANG_WARN_BLOCK_CAPTURE_AUTORELEASING = YES;
				CLANG_WARN_BOOL_CONVERSION = YES;
				CLANG_WARN_COMMA = YES;
				CLANG_WARN_CONSTANT_CONVERSION = YES;
				CLANG_WARN_DEPRECATED_OBJC_IMPLEMENTATIONS = YES;
				CLANG_WARN_DIRECT_OBJC_ISA_USAGE = YES_ERROR;
				CLANG_WARN_DOCUMENTATION_COMMENTS = YES;
				CLANG_WARN_EMPTY_BODY = YES;
				CLANG_WARN_ENUM_CONVERSION = YES;
				CLANG_WARN_INFINITE_RECURSION = YES;
				CLANG_WARN_INT_CONVERSION = YES;
				CLANG_WARN_NON_LITERAL_NULL_CONVERSION = YES;
				CLANG_WARN_OBJC_IMPLICIT_RETAIN_SELF = YES;
				CLANG_WARN_OBJC_LITERAL_CONVERSION = YES;
				CLANG_WARN_OBJC_ROOT_CLASS = YES_ERROR;
				CLANG_WARN_RANGE_LOOP_ANALYSIS = YES;
				CLANG_WARN_STRICT_PROTOTYPES = YES;
				CLANG_WARN_SUSPICIOUS_MOVE = YES;
				CLANG_WARN_UNGUARDED_AVAILABILITY = YES_AGGRESSIVE;
				CLANG_WARN_UNREACHABLE_CODE = YES;
				CLANG_WARN__DUPLICATE_METHOD_MATCH = YES;
				CODE_SIGN_IDENTITY = "iPhone Developer";
				COPY_PHASE_STRIP = NO;
				DEBUG_INFORMATION_FORMAT = "dwarf-with-dsym";
				ENABLE_NS_ASSERTIONS = NO;
				ENABLE_STRICT_OBJC_MSGSEND = YES;
				GCC_C_LANGUAGE_STANDARD = gnu11;
				GCC_NO_COMMON_BLOCKS = YES;
				GCC_WARN_64_TO_32_BIT_CONVERSION = YES;
				GCC_WARN_ABOUT_RETURN_TYPE = YES_ERROR;
				GCC_WARN_UNDECLARED_SELECTOR = YES;
				GCC_WARN_UNINITIALIZED_AUTOS = YES_AGGRESSIVE;
				GCC_WARN_UNUSED_FUNCTION = YES;
				GCC_WARN_UNUSED_VARIABLE = YES;
				IPHONEOS_DEPLOYMENT_TARGET = 11.4;
				MTL_ENABLE_DEBUG_INFO = NO;
				SDKROOT = iphoneos;
				SWIFT_COMPILATION_MODE = wholemodule;
				SWIFT_OPTIMIZATION_LEVEL = "-O";
				VALIDATE_PRODUCT = YES;
			};
			name = Release;
		};
		1939AE5F20F39ABC00A71D11 /* Debug */ = {
			isa = XCBuildConfiguration;
			buildSettings = {
				ASSETCATALOG_COMPILER_APPICON_NAME = AppIcon;
				ASSETCATALOG_COMPILER_LAUNCHIMAGE_NAME = "LaunchImage-1";
				CODE_SIGN_STYLE = Automatic;
				INFOPLIST_FILE = QDZX/Info.plist;
				IPHONEOS_DEPLOYMENT_TARGET = 11.3;
				LD_RUNPATH_SEARCH_PATHS = (
					"$(inherited)",
					"@executable_path/Frameworks",
				);
				PRODUCT_BUNDLE_IDENTIFIER = com.Tusstar.QDZX;
				PRODUCT_NAME = "$(TARGET_NAME)";
				SWIFT_VERSION = 4.0;
				TARGETED_DEVICE_FAMILY = 1;
			};
			name = Debug;
		};
		1939AE6020F39ABC00A71D11 /* Release */ = {
			isa = XCBuildConfiguration;
			buildSettings = {
				ASSETCATALOG_COMPILER_APPICON_NAME = AppIcon;
				ASSETCATALOG_COMPILER_LAUNCHIMAGE_NAME = "LaunchImage-1";
				CODE_SIGN_STYLE = Automatic;
				INFOPLIST_FILE = QDZX/Info.plist;
				IPHONEOS_DEPLOYMENT_TARGET = 11.3;
				LD_RUNPATH_SEARCH_PATHS = (
					"$(inherited)",
					"@executable_path/Frameworks",
				);
				PRODUCT_BUNDLE_IDENTIFIER = com.Tusstar.QDZX;
				PRODUCT_NAME = "$(TARGET_NAME)";
				SWIFT_VERSION = 4.0;
				TARGETED_DEVICE_FAMILY = 1;
			};
			name = Release;
		};
/* End XCBuildConfiguration section */

/* Begin XCConfigurationList section */
		1939AE4720F39ABC00A71D11 /* Build configuration list for PBXProject "QDZX" */ = {
			isa = XCConfigurationList;
			buildConfigurations = (
				1939AE5C20F39ABC00A71D11 /* Debug */,
				1939AE5D20F39ABC00A71D11 /* Release */,
			);
			defaultConfigurationIsVisible = 0;
			defaultConfigurationName = Release;
		};
		1939AE5E20F39ABC00A71D11 /* Build configuration list for PBXNativeTarget "QDZX" */ = {
			isa = XCConfigurationList;
			buildConfigurations = (
				1939AE5F20F39ABC00A71D11 /* Debug */,
				1939AE6020F39ABC00A71D11 /* Release */,
			);
			defaultConfigurationIsVisible = 0;
			defaultConfigurationName = Release;
		};
/* End XCConfigurationList section */
	};
	rootObject = 1939AE4420F39ABC00A71D11 /* Project object */;
}
